
Microsoft Visual Studio Solution File, Format Version 12.00
# Visual Studio Version 17
VisualStudioVersion = 17.14.37111.16 d17.14
MinimumVisualStudioVersion = 10.0.40219.1
Project("{FAE04EC0-301F-11D3-BF4B-00C04F79EFBC}") = "CompanyMS", "CompanyMS\CompanyMS.csproj", "{079DAF4A-FF6F-47A8-AB35-D2D979564C7F}"
EndProject
Global
	GlobalSection(SolutionConfigurationPlatforms) = preSolution
		Debug|Any CPU = Debug|Any CPU
		Release|Any CPU = Release|Any CPU
	EndGlobalSection
	GlobalSection(ProjectConfigurationPlatforms) = postSolution
		{079DAF4A-FF6F-47A8-AB35-D2D979564C7F}.Debug|Any CPU.ActiveCfg = Debug|Any CPU
		{079DAF4A-FF6F-47A8-AB35-D2D979564C7F}.Debug|Any CPU.Build.0 = Debug|Any CPU
		{079DAF4A-FF6F-47A8-AB35-D2D979564C7F}.Release|Any CPU.ActiveCfg = Release|Any CPU
		{079DAF4A-FF6F-47A8-AB35-D2D979564C7F}.Release|Any CPU.Build.0 = Release|Any CPU
	EndGlobalSection
	GlobalSection(SolutionProperties) = preSolution
		HideSolutionNode = FALSE
	EndGlobalSection
	GlobalSection(ExtensibilityGlobals) = postSolution
		SolutionGuid = {C2313E94-7213-4014-8872-153923FF3B63}
	EndGlobalSection
EndGlobal
